
Microsoft Visual Studio Solution File, Format Version 12.00
Project("{FAE04EC0-301F-11D3-BF4B-00C04F79EFBC}") = "Testing.FluentAssertions", "src\Testing.FluentAssertions\Testing.FluentAssertions.csproj", "{888B1092-B809-4B10-871D-427F028AC935}"
EndProject
Project("{FAE04EC0-301F-11D3-BF4B-00C04F79EFBC}") = "Testing.FluentAssertions.Tests", "src\Testing.FluentAssertions.Tests\Testing.FluentAssertions.Tests.csproj", "{A619F907-DD68-435F-BEDF-99B66AD5144B}"
EndProject
Global
				GlobalSection(SolutionConfigurationPlatforms) = preSolution
		Debug|Any CPU = Debug|Any CPU
		Release|Any CPU = Release|Any CPU
				EndGlobalSection
	GlobalSection(ProjectConfigurationPlatforms) = postSolution
		{888B1092-B809-4B10-871D-427F028AC935}.Debug|Any CPU.ActiveCfg = Debug|Any CPU
		{888B1092-B809-4B10-871D-427F028AC935}.Debug|Any CPU.Build.0 = Debug|Any CPU
		{888B1092-B809-4B10-871D-427F028AC935}.Release|Any CPU.ActiveCfg = Release|Any CPU
		{888B1092-B809-4B10-871D-427F028AC935}.Release|Any CPU.Build.0 = Release|Any CPU
		{A619F907-DD68-435F-BEDF-99B66AD5144B}.Debug|Any CPU.ActiveCfg = Debug|Any CPU
		{A619F907-DD68-435F-BEDF-99B66AD5144B}.Debug|Any CPU.Build.0 = Debug|Any CPU
		{A619F907-DD68-435F-BEDF-99B66AD5144B}.Release|Any CPU.ActiveCfg = Release|Any CPU
		{A619F907-DD68-435F-BEDF-99B66AD5144B}.Release|Any CPU.Build.0 = Release|Any CPU
	EndGlobalSection
EndGlobal
