
Microsoft Visual Studio Solution File, Format Version 12.00
Project("{FAE04EC0-301F-11D3-BF4B-00C04F79EFBC}") = "Testing.FluentAssertions", "src\Testing.FluentAssertions\Testing.FluentAssertions.csproj", "{888B1092-B809-4B10-871D-427F028AC935}"
EndProject
Project("{FAE04EC0-301F-11D3-BF4B-00C04F79EFBC}") = "Testing.FluentAssertions.Tests", "tests\Testing.FluentAssertions.Tests\Testing.FluentAssertions.Tests.csproj", "{A619F907-DD68-435F-BEDF-99B66AD5144B}"
EndProject
Project("{FAE04EC0-301F-11D3-BF4B-00C04F79EFBC}") = "Testing.NSubstitute", "src\Testing.NSubstitute\Testing.NSubstitute.csproj", "{9978D105-4099-4A70-A3C6-96EA8FC71B32}"
EndProject
Project("{FAE04EC0-301F-11D3-BF4B-00C04F79EFBC}") = "Testing.NSubstitute.Tests", "tests\Testing.NSubstitute.Tests\Testing.NSubstitute.Tests.csproj", "{A21BAFA0-A8AD-4C9C-9591-F3B37792CE86}"
EndProject
Project("{FAE04EC0-301F-11D3-BF4B-00C04F79EFBC}") = "ExpressionEvaluator", "src\ExpressionEvaluator\ExpressionEvaluator.csproj", "{4C8C756B-E76B-4485-9B21-31DE7E44F9AF}"
EndProject
Project("{FAE04EC0-301F-11D3-BF4B-00C04F79EFBC}") = "ExpressionEvaluator.Grammar", "src\ExpressionEvaluator.Grammar\ExpressionEvaluator.Grammar.csproj", "{B7216131-B4F8-4453-8E3C-3576FA2D2E5B}"
EndProject
Project("{FAE04EC0-301F-11D3-BF4B-00C04F79EFBC}") = "ExpressionEvaluator.Tests", "tests\ExpressionEvaluator.Tests\ExpressionEvaluator.Tests.csproj", "{23BDBE49-998B-4896-AD1D-5AABA394C1B7}"
EndProject
Project("{FAE04EC0-301F-11D3-BF4B-00C04F79EFBC}") = "Extensions", "src\Extensions\Extensions.csproj", "{5E6CC2AF-AC9F-402F-896F-F8338B4D4A55}"
EndProject
Project("{FAE04EC0-301F-11D3-BF4B-00C04F79EFBC}") = "Extensions.Tests", "tests\Extensions.Tests\Extensions.Tests.csproj", "{455161F3-67E7-4A26-BC02-1B361F2380AC}"
EndProject
Project("{FAE04EC0-301F-11D3-BF4B-00C04F79EFBC}") = "Testing", "src\Testing\Testing.csproj", "{C104BE89-E6EB-40CA-ADBE-6083523C393C}"
EndProject
Project("{FAE04EC0-301F-11D3-BF4B-00C04F79EFBC}") = "Extensions.DependencyInjection", "src\Extensions.DependencyInjection\Extensions.DependencyInjection.csproj", "{3699BF91-97BB-4C35-B84B-382034697291}"
EndProject
Project("{FAE04EC0-301F-11D3-BF4B-00C04F79EFBC}") = "Extensions.DependencyInjection.Testing", "src\Extensions.DependencyInjection.Testing\Extensions.DependencyInjection.Testing.csproj", "{739571F8-39EA-47B4-9829-58E4C6634D7C}"
EndProject
Project("{FAE04EC0-301F-11D3-BF4B-00C04F79EFBC}") = "Testing.SpecFlow", "src\Testing.SpecFlow\Testing.SpecFlow.csproj", "{5294A31F-E474-4DE7-9548-429DD41FCE16}"
EndProject
Project("{FAE04EC0-301F-11D3-BF4B-00C04F79EFBC}") = "Extensions.DependencyInjection.Tests", "tests\Extensions.DependencyInjection.Tests\Extensions.DependencyInjection.Tests.csproj", "{86ED0338-4FB7-4FCF-823F-27072397D6F0}"
EndProject
Project("{FAE04EC0-301F-11D3-BF4B-00C04F79EFBC}") = "Data.Db.Document", "src\Data.Db.Document\Data.Db.Document.csproj", "{16D24D4F-0A44-423E-9FE5-1F35C38435A5}"
EndProject
Project("{FAE04EC0-301F-11D3-BF4B-00C04F79EFBC}") = "Data.Db", "src\Data.Db\Data.Db.csproj", "{39FBAD08-A742-45C2-8F9F-33C3734F5588}"
EndProject
Project("{FAE04EC0-301F-11D3-BF4B-00C04F79EFBC}") = "Data.Db.Relational", "src\Data.Db.Relational\Data.Db.Relational.csproj", "{6FB22127-62E3-4AD8-8BDF-DC725A709E1F}"
EndProject
Project("{FAE04EC0-301F-11D3-BF4B-00C04F79EFBC}") = "Data.Db.Document.Testing", "src\Data.Db.Document.Testing\Data.Db.Document.Testing.csproj", "{F40C5468-0E45-47A3-87E9-D94C7D4B172D}"
EndProject
Project("{FAE04EC0-301F-11D3-BF4B-00C04F79EFBC}") = "Data.Db.Relational.Testing", "src\Data.Db.Relational.Testing\Data.Db.Relational.Testing.csproj", "{71C93B33-ED6F-49C5-A857-B291C8AADDE5}"
EndProject
Project("{FAE04EC0-301F-11D3-BF4B-00C04F79EFBC}") = "Data.Db.Document.Tests", "tests\Data.Db.Document.Tests\Data.Db.Document.Tests.csproj", "{297AC8D7-C627-43F1-AB04-3F48D01FD056}"
EndProject
Project("{FAE04EC0-301F-11D3-BF4B-00C04F79EFBC}") = "Data.Db.Relational.Tests", "tests\Data.Db.Relational.Tests\Data.Db.Relational.Tests.csproj", "{B418B92A-0DA7-4076-942F-B78C29470884}"
EndProject
Project("{FAE04EC0-301F-11D3-BF4B-00C04F79EFBC}") = "AspNetCore.Extensions", "src\AspNetCore.Extensions\AspNetCore.Extensions.csproj", "{531DDF4F-AE98-487C-9B5F-75F7EB0DC404}"
EndProject
Project("{FAE04EC0-301F-11D3-BF4B-00C04F79EFBC}") = "AspNetCore.Sample", "sample\AspNetCore.Sample\AspNetCore.Sample.csproj", "{BA989D48-4000-4199-8337-4246324F3158}"
EndProject
Global
				GlobalSection(SolutionConfigurationPlatforms) = preSolution
		Debug|Any CPU = Debug|Any CPU
		Release|Any CPU = Release|Any CPU
				EndGlobalSection
	GlobalSection(ProjectConfigurationPlatforms) = postSolution
		{888B1092-B809-4B10-871D-427F028AC935}.Debug|Any CPU.ActiveCfg = Debug|Any CPU
		{888B1092-B809-4B10-871D-427F028AC935}.Debug|Any CPU.Build.0 = Debug|Any CPU
		{888B1092-B809-4B10-871D-427F028AC935}.Release|Any CPU.ActiveCfg = Release|Any CPU
		{888B1092-B809-4B10-871D-427F028AC935}.Release|Any CPU.Build.0 = Release|Any CPU
		{A619F907-DD68-435F-BEDF-99B66AD5144B}.Debug|Any CPU.ActiveCfg = Debug|Any CPU
		{A619F907-DD68-435F-BEDF-99B66AD5144B}.Debug|Any CPU.Build.0 = Debug|Any CPU
		{A619F907-DD68-435F-BEDF-99B66AD5144B}.Release|Any CPU.ActiveCfg = Release|Any CPU
		{A619F907-DD68-435F-BEDF-99B66AD5144B}.Release|Any CPU.Build.0 = Release|Any CPU
		{A21BAFA0-A8AD-4C9C-9591-F3B37792CE86}.Debug|Any CPU.ActiveCfg = Debug|Any CPU
		{A21BAFA0-A8AD-4C9C-9591-F3B37792CE86}.Debug|Any CPU.Build.0 = Debug|Any CPU
		{A21BAFA0-A8AD-4C9C-9591-F3B37792CE86}.Release|Any CPU.ActiveCfg = Release|Any CPU
		{A21BAFA0-A8AD-4C9C-9591-F3B37792CE86}.Release|Any CPU.Build.0 = Release|Any CPU
		{9978D105-4099-4A70-A3C6-96EA8FC71B32}.Debug|Any CPU.ActiveCfg = Debug|Any CPU
		{9978D105-4099-4A70-A3C6-96EA8FC71B32}.Debug|Any CPU.Build.0 = Debug|Any CPU
		{9978D105-4099-4A70-A3C6-96EA8FC71B32}.Release|Any CPU.ActiveCfg = Release|Any CPU
		{9978D105-4099-4A70-A3C6-96EA8FC71B32}.Release|Any CPU.Build.0 = Release|Any CPU
		{4C8C756B-E76B-4485-9B21-31DE7E44F9AF}.Debug|Any CPU.ActiveCfg = Debug|Any CPU
		{4C8C756B-E76B-4485-9B21-31DE7E44F9AF}.Debug|Any CPU.Build.0 = Debug|Any CPU
		{4C8C756B-E76B-4485-9B21-31DE7E44F9AF}.Release|Any CPU.ActiveCfg = Release|Any CPU
		{4C8C756B-E76B-4485-9B21-31DE7E44F9AF}.Release|Any CPU.Build.0 = Release|Any CPU
		{B7216131-B4F8-4453-8E3C-3576FA2D2E5B}.Debug|Any CPU.ActiveCfg = Debug|Any CPU
		{B7216131-B4F8-4453-8E3C-3576FA2D2E5B}.Debug|Any CPU.Build.0 = Debug|Any CPU
		{B7216131-B4F8-4453-8E3C-3576FA2D2E5B}.Release|Any CPU.ActiveCfg = Release|Any CPU
		{B7216131-B4F8-4453-8E3C-3576FA2D2E5B}.Release|Any CPU.Build.0 = Release|Any CPU
		{23BDBE49-998B-4896-AD1D-5AABA394C1B7}.Debug|Any CPU.ActiveCfg = Debug|Any CPU
		{23BDBE49-998B-4896-AD1D-5AABA394C1B7}.Debug|Any CPU.Build.0 = Debug|Any CPU
		{23BDBE49-998B-4896-AD1D-5AABA394C1B7}.Release|Any CPU.ActiveCfg = Release|Any CPU
		{23BDBE49-998B-4896-AD1D-5AABA394C1B7}.Release|Any CPU.Build.0 = Release|Any CPU
		{5E6CC2AF-AC9F-402F-896F-F8338B4D4A55}.Debug|Any CPU.ActiveCfg = Debug|Any CPU
		{5E6CC2AF-AC9F-402F-896F-F8338B4D4A55}.Debug|Any CPU.Build.0 = Debug|Any CPU
		{5E6CC2AF-AC9F-402F-896F-F8338B4D4A55}.Release|Any CPU.ActiveCfg = Release|Any CPU
		{5E6CC2AF-AC9F-402F-896F-F8338B4D4A55}.Release|Any CPU.Build.0 = Release|Any CPU
		{455161F3-67E7-4A26-BC02-1B361F2380AC}.Debug|Any CPU.ActiveCfg = Debug|Any CPU
		{455161F3-67E7-4A26-BC02-1B361F2380AC}.Debug|Any CPU.Build.0 = Debug|Any CPU
		{455161F3-67E7-4A26-BC02-1B361F2380AC}.Release|Any CPU.ActiveCfg = Release|Any CPU
		{455161F3-67E7-4A26-BC02-1B361F2380AC}.Release|Any CPU.Build.0 = Release|Any CPU
		{C104BE89-E6EB-40CA-ADBE-6083523C393C}.Debug|Any CPU.ActiveCfg = Debug|Any CPU
		{C104BE89-E6EB-40CA-ADBE-6083523C393C}.Debug|Any CPU.Build.0 = Debug|Any CPU
		{C104BE89-E6EB-40CA-ADBE-6083523C393C}.Release|Any CPU.ActiveCfg = Release|Any CPU
		{C104BE89-E6EB-40CA-ADBE-6083523C393C}.Release|Any CPU.Build.0 = Release|Any CPU
		{3699BF91-97BB-4C35-B84B-382034697291}.Debug|Any CPU.ActiveCfg = Debug|Any CPU
		{3699BF91-97BB-4C35-B84B-382034697291}.Debug|Any CPU.Build.0 = Debug|Any CPU
		{3699BF91-97BB-4C35-B84B-382034697291}.Release|Any CPU.ActiveCfg = Release|Any CPU
		{3699BF91-97BB-4C35-B84B-382034697291}.Release|Any CPU.Build.0 = Release|Any CPU
		{739571F8-39EA-47B4-9829-58E4C6634D7C}.Debug|Any CPU.ActiveCfg = Debug|Any CPU
		{739571F8-39EA-47B4-9829-58E4C6634D7C}.Debug|Any CPU.Build.0 = Debug|Any CPU
		{739571F8-39EA-47B4-9829-58E4C6634D7C}.Release|Any CPU.ActiveCfg = Release|Any CPU
		{739571F8-39EA-47B4-9829-58E4C6634D7C}.Release|Any CPU.Build.0 = Release|Any CPU
		{5294A31F-E474-4DE7-9548-429DD41FCE16}.Debug|Any CPU.ActiveCfg = Debug|Any CPU
		{5294A31F-E474-4DE7-9548-429DD41FCE16}.Debug|Any CPU.Build.0 = Debug|Any CPU
		{5294A31F-E474-4DE7-9548-429DD41FCE16}.Release|Any CPU.ActiveCfg = Release|Any CPU
		{5294A31F-E474-4DE7-9548-429DD41FCE16}.Release|Any CPU.Build.0 = Release|Any CPU
		{86ED0338-4FB7-4FCF-823F-27072397D6F0}.Debug|Any CPU.ActiveCfg = Debug|Any CPU
		{86ED0338-4FB7-4FCF-823F-27072397D6F0}.Debug|Any CPU.Build.0 = Debug|Any CPU
		{86ED0338-4FB7-4FCF-823F-27072397D6F0}.Release|Any CPU.ActiveCfg = Release|Any CPU
		{86ED0338-4FB7-4FCF-823F-27072397D6F0}.Release|Any CPU.Build.0 = Release|Any CPU
		{16D24D4F-0A44-423E-9FE5-1F35C38435A5}.Debug|Any CPU.ActiveCfg = Debug|Any CPU
		{16D24D4F-0A44-423E-9FE5-1F35C38435A5}.Debug|Any CPU.Build.0 = Debug|Any CPU
		{16D24D4F-0A44-423E-9FE5-1F35C38435A5}.Release|Any CPU.ActiveCfg = Release|Any CPU
		{16D24D4F-0A44-423E-9FE5-1F35C38435A5}.Release|Any CPU.Build.0 = Release|Any CPU
		{39FBAD08-A742-45C2-8F9F-33C3734F5588}.Debug|Any CPU.ActiveCfg = Debug|Any CPU
		{39FBAD08-A742-45C2-8F9F-33C3734F5588}.Debug|Any CPU.Build.0 = Debug|Any CPU
		{39FBAD08-A742-45C2-8F9F-33C3734F5588}.Release|Any CPU.ActiveCfg = Release|Any CPU
		{39FBAD08-A742-45C2-8F9F-33C3734F5588}.Release|Any CPU.Build.0 = Release|Any CPU
		{6FB22127-62E3-4AD8-8BDF-DC725A709E1F}.Debug|Any CPU.ActiveCfg = Debug|Any CPU
		{6FB22127-62E3-4AD8-8BDF-DC725A709E1F}.Debug|Any CPU.Build.0 = Debug|Any CPU
		{6FB22127-62E3-4AD8-8BDF-DC725A709E1F}.Release|Any CPU.ActiveCfg = Release|Any CPU
		{6FB22127-62E3-4AD8-8BDF-DC725A709E1F}.Release|Any CPU.Build.0 = Release|Any CPU
		{F40C5468-0E45-47A3-87E9-D94C7D4B172D}.Debug|Any CPU.ActiveCfg = Debug|Any CPU
		{F40C5468-0E45-47A3-87E9-D94C7D4B172D}.Debug|Any CPU.Build.0 = Debug|Any CPU
		{F40C5468-0E45-47A3-87E9-D94C7D4B172D}.Release|Any CPU.ActiveCfg = Release|Any CPU
		{F40C5468-0E45-47A3-87E9-D94C7D4B172D}.Release|Any CPU.Build.0 = Release|Any CPU
		{71C93B33-ED6F-49C5-A857-B291C8AADDE5}.Debug|Any CPU.ActiveCfg = Debug|Any CPU
		{71C93B33-ED6F-49C5-A857-B291C8AADDE5}.Debug|Any CPU.Build.0 = Debug|Any CPU
		{71C93B33-ED6F-49C5-A857-B291C8AADDE5}.Release|Any CPU.ActiveCfg = Release|Any CPU
		{71C93B33-ED6F-49C5-A857-B291C8AADDE5}.Release|Any CPU.Build.0 = Release|Any CPU
		{297AC8D7-C627-43F1-AB04-3F48D01FD056}.Debug|Any CPU.ActiveCfg = Debug|Any CPU
		{297AC8D7-C627-43F1-AB04-3F48D01FD056}.Debug|Any CPU.Build.0 = Debug|Any CPU
		{297AC8D7-C627-43F1-AB04-3F48D01FD056}.Release|Any CPU.ActiveCfg = Release|Any CPU
		{297AC8D7-C627-43F1-AB04-3F48D01FD056}.Release|Any CPU.Build.0 = Release|Any CPU
		{B418B92A-0DA7-4076-942F-B78C29470884}.Debug|Any CPU.ActiveCfg = Debug|Any CPU
		{B418B92A-0DA7-4076-942F-B78C29470884}.Debug|Any CPU.Build.0 = Debug|Any CPU
		{B418B92A-0DA7-4076-942F-B78C29470884}.Release|Any CPU.ActiveCfg = Release|Any CPU
		{B418B92A-0DA7-4076-942F-B78C29470884}.Release|Any CPU.Build.0 = Release|Any CPU
		{531DDF4F-AE98-487C-9B5F-75F7EB0DC404}.Debug|Any CPU.ActiveCfg = Debug|Any CPU
		{531DDF4F-AE98-487C-9B5F-75F7EB0DC404}.Debug|Any CPU.Build.0 = Debug|Any CPU
		{531DDF4F-AE98-487C-9B5F-75F7EB0DC404}.Release|Any CPU.ActiveCfg = Release|Any CPU
		{531DDF4F-AE98-487C-9B5F-75F7EB0DC404}.Release|Any CPU.Build.0 = Release|Any CPU
		{BA989D48-4000-4199-8337-4246324F3158}.Debug|Any CPU.ActiveCfg = Debug|Any CPU
		{BA989D48-4000-4199-8337-4246324F3158}.Debug|Any CPU.Build.0 = Debug|Any CPU
		{BA989D48-4000-4199-8337-4246324F3158}.Release|Any CPU.ActiveCfg = Release|Any CPU
		{BA989D48-4000-4199-8337-4246324F3158}.Release|Any CPU.Build.0 = Release|Any CPU
	EndGlobalSection
EndGlobal
